
Microsoft Visual Studio Solution File, Format Version 12.00
# Visual Studio Version 16
VisualStudioVersion = 16.0.29905.134
MinimumVisualStudioVersion = 10.0.40219.1
Project("{FAE04EC0-301F-11D3-BF4B-00C04F79EFBC}") = "APBD2", "APBD2\APBD2.csproj", "{EA85566E-ED1E-4404-9042-6F71C4FEBE77}"
EndProject
Global
	GlobalSection(SolutionConfigurationPlatforms) = preSolution
		Debug|Any CPU = Debug|Any CPU
		Release|Any CPU = Release|Any CPU
	EndGlobalSection
	GlobalSection(ProjectConfigurationPlatforms) = postSolution
		{EA85566E-ED1E-4404-9042-6F71C4FEBE77}.Debug|Any CPU.ActiveCfg = Debug|Any CPU
		{EA85566E-ED1E-4404-9042-6F71C4FEBE77}.Debug|Any CPU.Build.0 = Debug|Any CPU
		{EA85566E-ED1E-4404-9042-6F71C4FEBE77}.Release|Any CPU.ActiveCfg = Release|Any CPU
		{EA85566E-ED1E-4404-9042-6F71C4FEBE77}.Release|Any CPU.Build.0 = Release|Any CPU
	EndGlobalSection
	GlobalSection(SolutionProperties) = preSolution
		HideSolutionNode = FALSE
	EndGlobalSection
	GlobalSection(ExtensibilityGlobals) = postSolution
		SolutionGuid = {890AF425-13D2-4728-A215-1E11A8CF42F9}
	EndGlobalSection
EndGlobal
